// !$*UTF8*$!
{
	archiveVersion = 1;
	classes = {
	};
	objectVersion = 46;
	objects = {

/* Begin PBXBuildFile section */
		237DA77C1923098300D58644 /* Foundation.framework in Frameworks */ = {isa = PBXBuildFile; fileRef = 237DA77B1923098300D58644 /* Foundation.framework */; };
		237DA77E1923098300D58644 /* CoreGraphics.framework in Frameworks */ = {isa = PBXBuildFile; fileRef = 237DA77D1923098300D58644 /* CoreGraphics.framework */; };
		237DA7801923098300D58644 /* UIKit.framework in Frameworks */ = {isa = PBXBuildFile; fileRef = 237DA77F1923098300D58644 /* UIKit.framework */; };
		237DA7861923098300D58644 /* InfoPlist.strings in Resources */ = {isa = PBXBuildFile; fileRef = 237DA7841923098300D58644 /* InfoPlist.strings */; };
		237DA7881923098300D58644 /* main.m in Sources */ = {isa = PBXBuildFile; fileRef = 237DA7871923098300D58644 /* main.m */; };
		237DA78C1923098300D58644 /* AppDelegate.m in Sources */ = {isa = PBXBuildFile; fileRef = 237DA78B1923098300D58644 /* AppDelegate.m */; };
		237DA78E1923098300D58644 /* Images.xcassets in Resources */ = {isa = PBXBuildFile; fileRef = 237DA78D1923098300D58644 /* Images.xcassets */; };
		237DA7951923098300D58644 /* XCTest.framework in Frameworks */ = {isa = PBXBuildFile; fileRef = 237DA7941923098300D58644 /* XCTest.framework */; };
		237DA7961923098300D58644 /* Foundation.framework in Frameworks */ = {isa = PBXBuildFile; fileRef = 237DA77B1923098300D58644 /* Foundation.framework */; };
		237DA7971923098300D58644 /* UIKit.framework in Frameworks */ = {isa = PBXBuildFile; fileRef = 237DA77F1923098300D58644 /* UIKit.framework */; };
		237DA79F1923098300D58644 /* InfoPlist.strings in Resources */ = {isa = PBXBuildFile; fileRef = 237DA79D1923098300D58644 /* InfoPlist.strings */; };
		237DA7A11923098300D58644 /* FirstTests.m in Sources */ = {isa = PBXBuildFile; fileRef = 237DA7A01923098300D58644 /* FirstTests.m */; };
/* End PBXBuildFile section */

/* Begin PBXContainerItemProxy section */
		237DA7981923098300D58644 /* PBXContainerItemProxy */ = {
			isa = PBXContainerItemProxy;
			containerPortal = 237DA7701923098200D58644 /* Project object */;
			proxyType = 1;
			remoteGlobalIDString = 237DA7771923098200D58644;
			remoteInfo = First;
		};
/* End PBXContainerItemProxy section */

/* Begin PBXFileReference section */
		237DA7781923098300D58644 /* First.app */ = {isa = PBXFileReference; explicitFileType = wrapper.application; includeInIndex = 0; path = First.app; sourceTree = BUILT_PRODUCTS_DIR; };
		237DA77B1923098300D58644 /* Foundation.framework */ = {isa = PBXFileReference; lastKnownFileType = wrapper.framework; name = Foundation.framework; path = System/Library/Frameworks/Foundation.framework; sourceTree = SDKROOT; };
		237DA77D1923098300D58644 /* CoreGraphics.framework */ = {isa = PBXFileReference; lastKnownFileType = wrapper.framework; name = CoreGraphics.framework; path = System/Library/Frameworks/CoreGraphics.framework; sourceTree = SDKROOT; };
		237DA77F1923098300D58644 /* UIKit.framework */ = {isa = PBXFileReference; lastKnownFileType = wrapper.framework; name = UIKit.framework; path = System/Library/Frameworks/UIKit.framework; sourceTree = SDKROOT; };
		237DA7831923098300D58644 /* First-Info.plist */ = {isa = PBXFileReference; lastKnownFileType = text.plist.xml; path = "First-Info.plist"; sourceTree = "<group>"; };
		237DA7851923098300D58644 /* en */ = {isa = PBXFileReference; lastKnownFileType = text.plist.strings; name = en; path = en.lproj/InfoPlist.strings; sourceTree = "<group>"; };
		237DA7871923098300D58644 /* main.m */ = {isa = PBXFileReference; lastKnownFileType = sourcecode.c.objc; path = main.m; sourceTree = "<group>"; };
		237DA7891923098300D58644 /* First-Prefix.pch */ = {isa = PBXFileReference; lastKnownFileType = sourcecode.c.h; path = "First-Prefix.pch"; sourceTree = "<group>"; };
		237DA78A1923098300D58644 /* AppDelegate.h */ = {isa = PBXFileReference; lastKnownFileType = sourcecode.c.h; path = AppDelegate.h; sourceTree = "<group>"; };
		237DA78B1923098300D58644 /* AppDelegate.m */ = {isa = PBXFileReference; lastKnownFileType = sourcecode.c.objc; path = AppDelegate.m; sourceTree = "<group>"; };
		237DA78D1923098300D58644 /* Images.xcassets */ = {isa = PBXFileReference; lastKnownFileType = folder.assetcatalog; path = Images.xcassets; sourceTree = "<group>"; };
		237DA7931923098300D58644 /* FirstTests.xctest */ = {isa = PBXFileReference; explicitFileType = wrapper.cfbundle; includeInIndex = 0; path = FirstTests.xctest; sourceTree = BUILT_PRODUCTS_DIR; };
		237DA7941923098300D58644 /* XCTest.framework */ = {isa = PBXFileReference; lastKnownFileType = wrapper.framework; name = XCTest.framework; path = Library/Frameworks/XCTest.framework; sourceTree = DEVELOPER_DIR; };
		237DA79C1923098300D58644 /* FirstTests-Info.plist */ = {isa = PBXFileReference; lastKnownFileType = text.plist.xml; path = "FirstTests-Info.plist"; sourceTree = "<group>"; };
		237DA79E1923098300D58644 /* en */ = {isa = PBXFileReference; lastKnownFileType = text.plist.strings; name = en; path = en.lproj/InfoPlist.strings; sourceTree = "<group>"; };
		237DA7A01923098300D58644 /* FirstTests.m */ = {isa = PBXFileReference; lastKnownFileType = sourcecode.c.objc; path = FirstTests.m; sourceTree = "<group>"; };
/* End PBXFileReference section */

/* Begin PBXFrameworksBuildPhase section */
		237DA7751923098200D58644 /* Frameworks */ = {
			isa = PBXFrameworksBuildPhase;
			buildActionMask = 2147483647;
			files = (
				237DA77E1923098300D58644 /* CoreGraphics.framework in Frameworks */,
				237DA7801923098300D58644 /* UIKit.framework in Frameworks */,
				237DA77C1923098300D58644 /* Foundation.framework in Frameworks */,
			);
			runOnlyForDeploymentPostprocessing = 0;
		};
		237DA7901923098300D58644 /* Frameworks */ = {
			isa = PBXFrameworksBuildPhase;
			buildActionMask = 2147483647;
			files = (
				237DA7951923098300D58644 /* XCTest.framework in Frameworks */,
				237DA7971923098300D58644 /* UIKit.framework in Frameworks */,
				237DA7961923098300D58644 /* Foundation.framework in Frameworks */,
			);
			runOnlyForDeploymentPostprocessing = 0;
		};
/* End PBXFrameworksBuildPhase section */

/* Begin PBXGroup section */
		237DA76F1923098200D58644 = {
			isa = PBXGroup;
			children = (
				237DA7811923098300D58644 /* First */,
				237DA79A1923098300D58644 /* FirstTests */,
				237DA77A1923098300D58644 /* Frameworks */,
				237DA7791923098300D58644 /* Products */,
			);
			sourceTree = "<group>";
		};
		237DA7791923098300D58644 /* Products */ = {
			isa = PBXGroup;
			children = (
				237DA7781923098300D58644 /* First.app */,
				237DA7931923098300D58644 /* FirstTests.xctest */,
			);
			name = Products;
			sourceTree = "<group>";
		};
		237DA77A1923098300D58644 /* Frameworks */ = {
			isa = PBXGroup;
			children = (
				237DA77B1923098300D58644 /* Foundation.framework */,
				237DA77D1923098300D58644 /* CoreGraphics.framework */,
				237DA77F1923098300D58644 /* UIKit.framework */,
				237DA7941923098300D58644 /* XCTest.framework */,
			);
			name = Frameworks;
			sourceTree = "<group>";
		};
		237DA7811923098300D58644 /* First */ = {
			isa = PBXGroup;
			children = (
				237DA78A1923098300D58644 /* AppDelegate.h */,
				237DA78B1923098300D58644 /* AppDelegate.m */,
				237DA78D1923098300D58644 /* Images.xcassets */,
				237DA7821923098300D58644 /* Supporting Files */,
			);
			path = First;
			sourceTree = "<group>";
		};
		237DA7821923098300D58644 /* Supporting Files */ = {
			isa = PBXGroup;
			children = (
				237DA7831923098300D58644 /* First-Info.plist */,
				237DA7841923098300D58644 /* InfoPlist.strings */,
				237DA7871923098300D58644 /* main.m */,
				237DA7891923098300D58644 /* First-Prefix.pch */,
			);
			name = "Supporting Files";
			sourceTree = "<group>";
		};
		237DA79A1923098300D58644 /* FirstTests */ = {
			isa = PBXGroup;
			children = (
				237DA7A01923098300D58644 /* FirstTests.m */,
				237DA79B1923098300D58644 /* Supporting Files */,
			);
			path = FirstTests;
			sourceTree = "<group>";
		};
		237DA79B1923098300D58644 /* Supporting Files */ = {
			isa = PBXGroup;
			children = (
				237DA79C1923098300D58644 /* FirstTests-Info.plist */,
				237DA79D1923098300D58644 /* InfoPlist.strings */,
			);
			name = "Supporting Files";
			sourceTree = "<group>";
		};
/* End PBXGroup section */

/* Begin PBXNativeTarget section */
		237DA7771923098200D58644 /* First */ = {
			isa = PBXNativeTarget;
			buildConfigurationList = 237DA7A41923098300D58644 /* Build configuration list for PBXNativeTarget "First" */;
			buildPhases = (
				237DA7741923098200D58644 /* Sources */,
				237DA7751923098200D58644 /* Frameworks */,
				237DA7761923098200D58644 /* Resources */,
			);
			buildRules = (
			);
			dependencies = (
			);
			name = First;
			productName = First;
			productReference = 237DA7781923098300D58644 /* First.app */;
			productType = "com.apple.product-type.application";
		};
		237DA7921923098300D58644 /* FirstTests */ = {
			isa = PBXNativeTarget;
			buildConfigurationList = 237DA7A71923098300D58644 /* Build configuration list for PBXNativeTarget "FirstTests" */;
			buildPhases = (
				237DA78F1923098300D58644 /* Sources */,
				237DA7901923098300D58644 /* Frameworks */,
				237DA7911923098300D58644 /* Resources */,
			);
			buildRules = (
			);
			dependencies = (
				237DA7991923098300D58644 /* PBXTargetDependency */,
			);
			name = FirstTests;
			productName = FirstTests;
			productReference = 237DA7931923098300D58644 /* FirstTests.xctest */;
			productType = "com.apple.product-type.bundle.unit-test";
		};
/* End PBXNativeTarget section */

/* Begin PBXProject section */
		237DA7701923098200D58644 /* Project object */ = {
			isa = PBXProject;
			attributes = {
				LastUpgradeCheck = 0510;
				ORGANIZATIONNAME = zxh;
				TargetAttributes = {
					237DA7921923098300D58644 = {
						TestTargetID = 237DA7771923098200D58644;
					};
				};
			};
			buildConfigurationList = 237DA7731923098200D58644 /* Build configuration list for PBXProject "First" */;
			compatibilityVersion = "Xcode 3.2";
			developmentRegion = English;
			hasScannedForEncodings = 0;
			knownRegions = (
				en,
			);
			mainGroup = 237DA76F1923098200D58644;
			productRefGroup = 237DA7791923098300D58644 /* Products */;
			projectDirPath = "";
			projectRoot = "";
			targets = (
				237DA7771923098200D58644 /* First */,
				237DA7921923098300D58644 /* FirstTests */,
			);
		};
/* End PBXProject section */

/* Begin PBXResourcesBuildPhase section */
		237DA7761923098200D58644 /* Resources */ = {
			isa = PBXResourcesBuildPhase;
			buildActionMask = 2147483647;
			files = (
				237DA7861923098300D58644 /* InfoPlist.strings in Resources */,
				237DA78E1923098300D58644 /* Images.xcassets in Resources */,
			);
			runOnlyForDeploymentPostprocessing = 0;
		};
		237DA7911923098300D58644 /* Resources */ = {
			isa = PBXResourcesBuildPhase;
			buildActionMask = 2147483647;
			files = (
				237DA79F1923098300D58644 /* InfoPlist.strings in Resources */,
			);
			runOnlyForDeploymentPostprocessing = 0;
		};
/* End PBXResourcesBuildPhase section */

/* Begin PBXSourcesBuildPhase section */
		237DA7741923098200D58644 /* Sources */ = {
			isa = PBXSourcesBuildPhase;
			buildActionMask = 2147483647;
			files = (
				237DA78C1923098300D58644 /* AppDelegate.m in Sources */,
				237DA7881923098300D58644 /* main.m in Sources */,
			);
			runOnlyForDeploymentPostprocessing = 0;
		};
		237DA78F1923098300D58644 /* Sources */ = {
			isa = PBXSourcesBuildPhase;
			buildActionMask = 2147483647;
			files = (
				237DA7A11923098300D58644 /* FirstTests.m in Sources */,
			);
			runOnlyForDeploymentPostprocessing = 0;
		};
/* End PBXSourcesBuildPhase section */

/* Begin PBXTargetDependency section */
		237DA7991923098300D58644 /* PBXTargetDependency */ = {
			isa = PBXTargetDependency;
			target = 237DA7771923098200D58644 /* First */;
			targetProxy = 237DA7981923098300D58644 /* PBXContainerItemProxy */;
		};
/* End PBXTargetDependency section */

/* Begin PBXVariantGroup section */
		237DA7841923098300D58644 /* InfoPlist.strings */ = {
			isa = PBXVariantGroup;
			children = (
				237DA7851923098300D58644 /* en */,
			);
			name = InfoPlist.strings;
			sourceTree = "<group>";
		};
		237DA79D1923098300D58644 /* InfoPlist.strings */ = {
			isa = PBXVariantGroup;
			children = (
				237DA79E1923098300D58644 /* en */,
			);
			name = InfoPlist.strings;
			sourceTree = "<group>";
		};
/* End PBXVariantGroup section */

/* Begin XCBuildConfiguration section */
		237DA7A21923098300D58644 /* Debug */ = {
			isa = XCBuildConfiguration;
			buildSettings = {
				ALWAYS_SEARCH_USER_PATHS = NO;
				CLANG_CXX_LANGUAGE_STANDARD = "gnu++0x";
				CLANG_CXX_LIBRARY = "libc++";
				CLANG_ENABLE_MODULES = YES;
				CLANG_ENABLE_OBJC_ARC = YES;
				CLANG_WARN_BOOL_CONVERSION = YES;
				CLANG_WARN_CONSTANT_CONVERSION = YES;
				CLANG_WARN_DIRECT_OBJC_ISA_USAGE = YES_ERROR;
				CLANG_WARN_EMPTY_BODY = YES;
				CLANG_WARN_ENUM_CONVERSION = YES;
				CLANG_WARN_INT_CONVERSION = YES;
				CLANG_WARN_OBJC_ROOT_CLASS = YES_ERROR;
				CLANG_WARN__DUPLICATE_METHOD_MATCH = YES;
				"CODE_SIGN_IDENTITY[sdk=iphoneos*]" = "iPhone Developer";
				COPY_PHASE_STRIP = NO;
				GCC_C_LANGUAGE_STANDARD = gnu99;
				GCC_DYNAMIC_NO_PIC = NO;
				GCC_OPTIMIZATION_LEVEL = 0;
				GCC_PREPROCESSOR_DEFINITIONS = (
					"DEBUG=1",
					"$(inherited)",
				);
				GCC_SYMBOLS_PRIVATE_EXTERN = NO;
				GCC_WARN_64_TO_32_BIT_CONVERSION = YES;
				GCC_WARN_ABOUT_RETURN_TYPE = YES_ERROR;
				GCC_WARN_UNDECLARED_SELECTOR = YES;
				GCC_WARN_UNINITIALIZED_AUTOS = YES_AGGRESSIVE;
				GCC_WARN_UNUSED_FUNCTION = YES;
				GCC_WARN_UNUSED_VARIABLE = YES;
				IPHONEOS_DEPLOYMENT_TARGET = 7.1;
				ONLY_ACTIVE_ARCH = YES;
				SDKROOT = iphoneos;
				TARGETED_DEVICE_FAMILY = "1,2";
			};
			name = Debug;
		};
		237DA7A31923098300D58644 /* Release */ = {
			isa = XCBuildConfiguration;
			buildSettings = {
				ALWAYS_SEARCH_USER_PATHS = NO;
				CLANG_CXX_LANGUAGE_STANDARD = "gnu++0x";
				CLANG_CXX_LIBRARY = "libc++";
				CLANG_ENABLE_MODULES = YES;
				CLANG_ENABLE_OBJC_ARC = YES;
				CLANG_WARN_BOOL_CONVERSION = YES;
				CLANG_WARN_CONSTANT_CONVERSION = YES;
				CLANG_WARN_DIRECT_OBJC_ISA_USAGE = YES_ERROR;
				CLANG_WARN_EMPTY_BODY = YES;
				CLANG_WARN_ENUM_CONVERSION = YES;
				CLANG_WARN_INT_CONVERSION = YES;
				CLANG_WARN_OBJC_ROOT_CLASS = YES_ERROR;
				CLANG_WARN__DUPLICATE_METHOD_MATCH = YES;
				"CODE_SIGN_IDENTITY[sdk=iphoneos*]" = "iPhone Developer";
				COPY_PHASE_STRIP = YES;
				ENABLE_NS_ASSERTIONS = NO;
				GCC_C_LANGUAGE_STANDARD = gnu99;
				GCC_WARN_64_TO_32_BIT_CONVERSION = YES;
				GCC_WARN_ABOUT_RETURN_TYPE = YES_ERROR;
				GCC_WARN_UNDECLARED_SELECTOR = YES;
				GCC_WARN_UNINITIALIZED_AUTOS = YES_AGGRESSIVE;
				GCC_WARN_UNUSED_FUNCTION = YES;
				GCC_WARN_UNUSED_VARIABLE = YES;
				IPHONEOS_DEPLOYMENT_TARGET = 7.1;
				SDKROOT = iphoneos;
				TARGETED_DEVICE_FAMILY = "1,2";
				VALIDATE_PRODUCT = YES;
			};
			name = Release;
		};
		237DA7A51923098300D58644 /* Debug */ = {
			isa = XCBuildConfiguration;
			buildSettings = {
				ASSETCATALOG_COMPILER_APPICON_NAME = AppIcon;
				ASSETCATALOG_COMPILER_LAUNCHIMAGE_NAME = LaunchImage;
				GCC_PRECOMPILE_PREFIX_HEADER = YES;
				GCC_PREFIX_HEADER = "First/First-Prefix.pch";
				INFOPLIST_FILE = "First/First-Info.plist";
				PRODUCT_NAME = "$(TARGET_NAME)";
				WRAPPER_EXTENSION = app;
			};
			name = Debug;
		};
		237DA7A61923098300D58644 /* Release */ = {
			isa = XCBuildConfiguration;
			buildSettings = {
				ASSETCATALOG_COMPILER_APPICON_NAME = AppIcon;
				ASSETCATALOG_COMPILER_LAUNCHIMAGE_NAME = LaunchImage;
				GCC_PRECOMPILE_PREFIX_HEADER = YES;
				GCC_PREFIX_HEADER = "First/First-Prefix.pch";
				INFOPLIST_FILE = "First/First-Info.plist";
				PRODUCT_NAME = "$(TARGET_NAME)";
				WRAPPER_EXTENSION = app;
			};
			name = Release;
		};
		237DA7A81923098300D58644 /* Debug */ = {
			isa = XCBuildConfiguration;
			buildSettings = {
				BUNDLE_LOADER = "$(BUILT_PRODUCTS_DIR)/First.app/First";
				FRAMEWORK_SEARCH_PATHS = (
					"$(SDKROOT)/Developer/Library/Frameworks",
					"$(inherited)",
					"$(DEVELOPER_FRAMEWORKS_DIR)",
				);
				GCC_PRECOMPILE_PREFIX_HEADER = YES;
				GCC_PREFIX_HEADER = "First/First-Prefix.pch";
				GCC_PREPROCESSOR_DEFINITIONS = (
					"DEBUG=1",
					"$(inherited)",
				);
				INFOPLIST_FILE = "FirstTests/FirstTests-Info.plist";
				PRODUCT_NAME = "$(TARGET_NAME)";
				TEST_HOST = "$(BUNDLE_LOADER)";
				WRAPPER_EXTENSION = xctest;
			};
			name = Debug;
		};
		237DA7A91923098300D58644 /* Release */ = {
			isa = XCBuildConfiguration;
			buildSettings = {
				BUNDLE_LOADER = "$(BUILT_PRODUCTS_DIR)/First.app/First";
				FRAMEWORK_SEARCH_PATHS = (
					"$(SDKROOT)/Developer/Library/Frameworks",
					"$(inherited)",
					"$(DEVELOPER_FRAMEWORKS_DIR)",
				);
				GCC_PRECOMPILE_PREFIX_HEADER = YES;
				GCC_PREFIX_HEADER = "First/First-Prefix.pch";
				INFOPLIST_FILE = "FirstTests/FirstTests-Info.plist";
				PRODUCT_NAME = "$(TARGET_NAME)";
				TEST_HOST = "$(BUNDLE_LOADER)";
				WRAPPER_EXTENSION = xctest;
			};
			name = Release;
		};
/* End XCBuildConfiguration section */

/* Begin XCConfigurationList section */
		237DA7731923098200D58644 /* Build configuration list for PBXProject "First" */ = {
			isa = XCConfigurationList;
			buildConfigurations = (
				237DA7A21923098300D58644 /* Debug */,
				237DA7A31923098300D58644 /* Release */,
			);
			defaultConfigurationIsVisible = 0;
			defaultConfigurationName = Release;
		};
		237DA7A41923098300D58644 /* Build configuration list for PBXNativeTarget "First" */ = {
			isa = XCConfigurationList;
			buildConfigurations = (
				237DA7A51923098300D58644 /* Debug */,
				237DA7A61923098300D58644 /* Release */,
			);
			defaultConfigurationIsVisible = 0;
		};
		237DA7A71923098300D58644 /* Build configuration list for PBXNativeTarget "FirstTests" */ = {
			isa = XCConfigurationList;
			buildConfigurations = (
				237DA7A81923098300D58644 /* Debug */,
				237DA7A91923098300D58644 /* Release */,
			);
			defaultConfigurationIsVisible = 0;
		};
/* End XCConfigurationList section */
	};
	rootObject = 237DA7701923098200D58644 /* Project object */;
}
